
Microsoft Visual Studio Solution File, Format Version 12.00
# Visual Studio 2013
VisualStudioVersion = 12.0.21005.1
MinimumVisualStudioVersion = 10.0.40219.1
Project("{FAE04EC0-301F-11D3-BF4B-00C04F79EFBC}") = "CallcenterNUevo", "CallcenterNUevo\CallcenterNUevo.csproj", "{D27C0DBD-763A-409F-92A9-9EDBAF32EAE7}"
EndProject
Project("{FAE04EC0-301F-11D3-BF4B-00C04F79EFBC}") = "Datos", "Infraestructura\Datos\Datos.csproj", "{CEB2E923-146B-4828-8FC3-B9CFB89F3586}"
EndProject
Project("{FAE04EC0-301F-11D3-BF4B-00C04F79EFBC}") = "Entidades", "Infraestructura\Entidades\Entidades.csproj", "{9C834930-82A4-4B38-BEF2-70E3C14E8C30}"
EndProject
Project("{FAE04EC0-301F-11D3-BF4B-00C04F79EFBC}") = "Negocio", "Infraestructura\Negocio\Negocio.csproj", "{9B4F4765-82AA-4B38-A3B6-00D19F5CD3EC}"
EndProject
Project("{FAE04EC0-301F-11D3-BF4B-00C04F79EFBC}") = "DataSQL", "DataSQL\DataSQL.csproj", "{C17322D0-8FF5-4B57-BFF1-3FDC1BD380C5}"
EndProject
Global
	GlobalSection(SolutionConfigurationPlatforms) = preSolution
		Debug|Any CPU = Debug|Any CPU
		Release|Any CPU = Release|Any CPU
	EndGlobalSection
	GlobalSection(ProjectConfigurationPlatforms) = postSolution
		{D27C0DBD-763A-409F-92A9-9EDBAF32EAE7}.Debug|Any CPU.ActiveCfg = Debug|Any CPU
		{D27C0DBD-763A-409F-92A9-9EDBAF32EAE7}.Debug|Any CPU.Build.0 = Debug|Any CPU
		{D27C0DBD-763A-409F-92A9-9EDBAF32EAE7}.Release|Any CPU.ActiveCfg = Release|Any CPU
		{D27C0DBD-763A-409F-92A9-9EDBAF32EAE7}.Release|Any CPU.Build.0 = Release|Any CPU
		{CEB2E923-146B-4828-8FC3-B9CFB89F3586}.Debug|Any CPU.ActiveCfg = Debug|Any CPU
		{CEB2E923-146B-4828-8FC3-B9CFB89F3586}.Debug|Any CPU.Build.0 = Debug|Any CPU
		{CEB2E923-146B-4828-8FC3-B9CFB89F3586}.Release|Any CPU.ActiveCfg = Release|Any CPU
		{CEB2E923-146B-4828-8FC3-B9CFB89F3586}.Release|Any CPU.Build.0 = Release|Any CPU
		{9C834930-82A4-4B38-BEF2-70E3C14E8C30}.Debug|Any CPU.ActiveCfg = Debug|Any CPU
		{9C834930-82A4-4B38-BEF2-70E3C14E8C30}.Debug|Any CPU.Build.0 = Debug|Any CPU
		{9C834930-82A4-4B38-BEF2-70E3C14E8C30}.Release|Any CPU.ActiveCfg = Release|Any CPU
		{9C834930-82A4-4B38-BEF2-70E3C14E8C30}.Release|Any CPU.Build.0 = Release|Any CPU
		{9B4F4765-82AA-4B38-A3B6-00D19F5CD3EC}.Debug|Any CPU.ActiveCfg = Debug|Any CPU
		{9B4F4765-82AA-4B38-A3B6-00D19F5CD3EC}.Debug|Any CPU.Build.0 = Debug|Any CPU
		{9B4F4765-82AA-4B38-A3B6-00D19F5CD3EC}.Release|Any CPU.ActiveCfg = Release|Any CPU
		{9B4F4765-82AA-4B38-A3B6-00D19F5CD3EC}.Release|Any CPU.Build.0 = Release|Any CPU
		{C17322D0-8FF5-4B57-BFF1-3FDC1BD380C5}.Debug|Any CPU.ActiveCfg = Debug|Any CPU
		{C17322D0-8FF5-4B57-BFF1-3FDC1BD380C5}.Debug|Any CPU.Build.0 = Debug|Any CPU
		{C17322D0-8FF5-4B57-BFF1-3FDC1BD380C5}.Release|Any CPU.ActiveCfg = Release|Any CPU
		{C17322D0-8FF5-4B57-BFF1-3FDC1BD380C5}.Release|Any CPU.Build.0 = Release|Any CPU
	EndGlobalSection
	GlobalSection(SolutionProperties) = preSolution
		HideSolutionNode = FALSE
	EndGlobalSection
EndGlobal
